
Microsoft Visual Studio Solution File, Format Version 12.00
# Visual Studio Version 17
VisualStudioVersion = 17.3.32929.385
MinimumVisualStudioVersion = 10.0.40219.1
Project("{2150E333-8FDC-42A3-9474-1A3956D46DE8}") = "Solution Items", "Solution Items", "{CF937250-9A79-4664-8680-70380AF15E70}"
	ProjectSection(SolutionItems) = preProject
		HTMLPage1.html = HTMLPage1.html
		HTMLPage2.html = HTMLPage2.html
		StyleSheet1.css = StyleSheet1.css
		StyleSheet3.css = StyleSheet3.css
	EndProjectSection
EndProject
Global
	GlobalSection(SolutionProperties) = preSolution
		HideSolutionNode = FALSE
	EndGlobalSection
	GlobalSection(ExtensibilityGlobals) = postSolution
		SolutionGuid = {CE1B1BF7-A352-4F8C-AD40-7F7637646F68}
	EndGlobalSection
EndGlobal
